github.com/Des1red/clihelp v1.0.1 h1:1QZhQiHOA9PcnwxBU8WzPMjgV9hpAdPoJw3d2XttovE=
github.com/Des1red/clihelp v1.0.1/go.mod h1:4sMd2I5rpd6Sqb/o9EC4P37OajqkQeZMzxGZ2TIPaTg=
github.com/Des1red/clihelp v1.0.2 h1:3jE0u7B8y5oGdrUDfj6Vfa4tpmmwFUmSdMMae3ZWloY=
github.com/Des1red/clihelp v1.0.2/go.mod h1:4sMd2I5rpd6Sqb/o9EC4P37OajqkQeZMzxGZ2TIPaTg=
gopkg.in/check.v1 v0.0.0-20161208181325-20d25e280405/go.mod h1:Co6ibVJAznAaIkqp8huTwlJQCZ016jof/cbN4VW5Yz0=
gopkg.in/yaml.v3 v3.0.1 h1:fxVm/GzAzEWqLHuvctI91KS9hhNmmWOoWu0XTYJS7CA=
gopkg.in/yaml.v3 v3.0.1/go.mod h1:K4uyk7z7BCEPqu6E+C64Yfv1cQ7kz7rIZviUmN+EgEM=
